
Microsoft Visual Studio Solution File, Format Version 12.00
# Visual Studio 15
VisualStudioVersion = 15.0.28010.2036
MinimumVisualStudioVersion = 10.0.40219.1
Project("{FAE04EC0-301F-11D3-BF4B-00C04F79EFBC}") = "EjerciciosPOO", "EjerciciosPOO\EjerciciosPOO.csproj", "{84FDC3A6-0ADE-4DFE-B1D1-A261D0956E40}"
EndProject
Global
	GlobalSection(SolutionConfigurationPlatforms) = preSolution
		Debug|Any CPU = Debug|Any CPU
		Release|Any CPU = Release|Any CPU
	EndGlobalSection
	GlobalSection(ProjectConfigurationPlatforms) = postSolution
		{84FDC3A6-0ADE-4DFE-B1D1-A261D0956E40}.Debug|Any CPU.ActiveCfg = Debug|Any CPU
		{84FDC3A6-0ADE-4DFE-B1D1-A261D0956E40}.Debug|Any CPU.Build.0 = Debug|Any CPU
		{84FDC3A6-0ADE-4DFE-B1D1-A261D0956E40}.Release|Any CPU.ActiveCfg = Release|Any CPU
		{84FDC3A6-0ADE-4DFE-B1D1-A261D0956E40}.Release|Any CPU.Build.0 = Release|Any CPU
	EndGlobalSection
	GlobalSection(SolutionProperties) = preSolution
		HideSolutionNode = FALSE
	EndGlobalSection
	GlobalSection(ExtensibilityGlobals) = postSolution
		SolutionGuid = {08A4B9CA-D67B-470C-8ED2-52C1E004EBB5}
	EndGlobalSection
EndGlobal
